{
  "name": "clawdata",
  "version": "1.0.0",
  "lockfileVersion": 3,
  "requires": true,
  "packages": {
    "": {
      "name": "clawdata",
      "version": "1.0.0",
      "hasInstallScript": true,
      "license": "MIT",
      "dependencies": {
        "@duckdb/node-api": "^1.4.4-r.1"
      },
      "bin": {
        "clawdata": "build/cli.js"
      },
      "devDependencies": {
        "@types/node": "^22.10.5",
        "typescript": "^5.7.2"
      }
    },
    "node_modules/@duckdb/node-api": {
      "version": "1.4.4-r.1",
      "resolved": "https://registry.npmjs.org/@duckdb/node-api/-/node-api-1.4.4-r.1.tgz",
      "integrity": "sha512-oqaH9DXTJNwyLkd2FgJwmSnWVqjB5irbESeTeNVMBnM03iRaNY545BhfBDumu1TnOV2koIdG1mNsmjgq/ZTIkA==",
      "license": "MIT",
      "dependencies": {
        "@duckdb/node-bindings": "1.4.4-r.1"
      }
    },
    "node_modules/@duckdb/node-bindings": {
      "version": "1.4.4-r.1",
      "resolved": "https://registry.npmjs.org/@duckdb/node-bindings/-/node-bindings-1.4.4-r.1.tgz",
      "integrity": "sha512-NFm0AMrK3kiVLQhgnGUEjX5c8Elm93dYePZ9BUCvvd0AVVTKEBeRhBp9afziuzP3Sl5+7XQ1TyaBLsZJKKBDBQ==",
      "license": "MIT",
      "optionalDependencies": {
        "@duckdb/node-bindings-darwin-arm64": "1.4.4-r.1",
        "@duckdb/node-bindings-darwin-x64": "1.4.4-r.1",
        "@duckdb/node-bindings-linux-arm64": "1.4.4-r.1",
        "@duckdb/node-bindings-linux-x64": "1.4.4-r.1",
        "@duckdb/node-bindings-win32-x64": "1.4.4-r.1"
      }
    },
    "node_modules/@duckdb/node-bindings-darwin-arm64": {
      "version": "1.4.4-r.1",
      "resolved": "https://registry.npmjs.org/@duckdb/node-bindings-darwin-arm64/-/node-bindings-darwin-arm64-1.4.4-r.1.tgz",
      "integrity": "sha512-/NtbkCgCAOJDxw41XvSGV/mxQAlsx+2xUvhIVUj6fxoOfTG4jTttRhuphwE3EXNoWzJOjZxCZ5LwhC/qb6ZwLg==",
      "cpu": [
        "arm64"
      ],
      "license": "MIT",
      "optional": true,
      "os": [
        "darwin"
      ]
    },
    "node_modules/@duckdb/node-bindings-darwin-x64": {
      "version": "1.4.4-r.1",
      "resolved": "https://registry.npmjs.org/@duckdb/node-bindings-darwin-x64/-/node-bindings-darwin-x64-1.4.4-r.1.tgz",
      "integrity": "sha512-lzFRDrZwc1EoV513vmKufasiAQ2WlhEb0O6guRBarbvOKKVhRb8tQ5H7LPVTrIewjTI3XDgHrnK+vfh9L+xQcA==",
      "cpu": [
        "x64"
      ],
      "license": "MIT",
      "optional": true,
      "os": [
        "darwin"
      ]
    },
    "node_modules/@duckdb/node-bindings-linux-arm64": {
      "version": "1.4.4-r.1",
      "resolved": "https://registry.npmjs.org/@duckdb/node-bindings-linux-arm64/-/node-bindings-linux-arm64-1.4.4-r.1.tgz",
      "integrity": "sha512-wq92/EcTiOTRW1RSDOwjeLyMMXWwNVNwU21TQdfu3sgS86+Ih3raaK68leDgY5cWgf72We3J2W7HYz8GwxcMYw==",
      "cpu": [
        "arm64"
      ],
      "license": "MIT",
      "optional": true,
      "os": [
        "linux"
      ]
    },
    "node_modules/@duckdb/node-bindings-linux-x64": {
      "version": "1.4.4-r.1",
      "resolved": "https://registry.npmjs.org/@duckdb/node-bindings-linux-x64/-/node-bindings-linux-x64-1.4.4-r.1.tgz",
      "integrity": "sha512-fjYNc+t4/T7mhzZ57oJoIQaWvbYVvxhidcNNansQFiWnd6/JMLCULd4qnt8XI3Tt2BrZsraH690KSBIS3QPt0w==",
      "cpu": [
        "x64"
      ],
      "license": "MIT",
      "optional": true,
      "os": [
        "linux"
      ]
    },
    "node_modules/@duckdb/node-bindings-win32-x64": {
      "version": "1.4.4-r.1",
      "resolved": "https://registry.npmjs.org/@duckdb/node-bindings-win32-x64/-/node-bindings-win32-x64-1.4.4-r.1.tgz",
      "integrity": "sha512-+J+MUYGvYWfX0balWToDIy3CBYg7hHI0KQUQ39+SniinXlMF8+puRW6ebyQ+AXrcrKkwuj4wzJuEBD0AdhHGtw==",
      "cpu": [
        "x64"
      ],
      "license": "MIT",
      "optional": true,
      "os": [
        "win32"
      ]
    },
    "node_modules/@types/node": {
      "version": "22.19.11",
      "dev": true,
      "license": "MIT",
      "dependencies": {
        "undici-types": "~6.21.0"
      }
    },
    "node_modules/typescript": {
      "version": "5.9.3",
      "dev": true,
      "license": "Apache-2.0",
      "bin": {
        "tsc": "bin/tsc",
        "tsserver": "bin/tsserver"
      },
      "engines": {
        "node": ">=14.17"
      }
    },
    "node_modules/undici-types": {
      "version": "6.21.0",
      "dev": true,
      "license": "MIT"
    }
  }
}
